// !$*UTF8*$!
{
	archiveVersion = 1;
	classes = {
	};
	objectVersion = 55;
	objects = {

/* Begin PBXBuildFile section */
		9C6B9BFF2A002FD00002FBD9 /* AlertToast in Frameworks */ = {isa = PBXBuildFile; productRef = 9C6B9BFE2A002FD00002FBD9 /* AlertToast */; };
		9C8303CC284FB8010064B1D5 /* LaunchScreenXcodeApp.swift in Sources */ = {isa = PBXBuildFile; fileRef = 9C8303CB284FB8010064B1D5 /* LaunchScreenXcodeApp.swift */; };
		9C8303CE284FB8010064B1D5 /* ContentView.swift in Sources */ = {isa = PBXBuildFile; fileRef = 9C8303CD284FB8010064B1D5 /* ContentView.swift */; };
		9C8303D0284FB8050064B1D5 /* Assets.xcassets in Resources */ = {isa = PBXBuildFile; fileRef = 9C8303CF284FB8050064B1D5 /* Assets.xcassets */; };
		9C8303D3284FB8050064B1D5 /* Preview Assets.xcassets in Resources */ = {isa = PBXBuildFile; fileRef = 9C8303D2284FB8050064B1D5 /* Preview Assets.xcassets */; };
		9C8303DD284FB8050064B1D5 /* LaunchScreenXcodeTests.swift in Sources */ = {isa = PBXBuildFile; fileRef = 9C8303DC284FB8050064B1D5 /* LaunchScreenXcodeTests.swift */; };
		9C8303E7284FB8060064B1D5 /* LaunchScreenXcodeUITests.swift in Sources */ = {isa = PBXBuildFile; fileRef = 9C8303E6284FB8060064B1D5 /* LaunchScreenXcodeUITests.swift */; };
		9C8303E9284FB8060064B1D5 /* LaunchScreenXcodeUITestsLaunchTests.swift in Sources */ = {isa = PBXBuildFile; fileRef = 9C8303E8284FB8060064B1D5 /* LaunchScreenXcodeUITestsLaunchTests.swift */; };
		9C8303F6284FBAF80064B1D5 /* Prelaunch.swift in Sources */ = {isa = PBXBuildFile; fileRef = 9C8303F5284FBAF80064B1D5 /* Prelaunch.swift */; };
/* End PBXBuildFile section */

/* Begin PBXContainerItemProxy section */
		9C8303D9284FB8050064B1D5 /* PBXContainerItemProxy */ = {
			isa = PBXContainerItemProxy;
			containerPortal = 9C8303C0284FB8010064B1D5 /* Project object */;
			proxyType = 1;
			remoteGlobalIDString = 9C8303C7284FB8010064B1D5;
			remoteInfo = LaunchScreenXcode;
		};
		9C8303E3284FB8060064B1D5 /* PBXContainerItemProxy */ = {
			isa = PBXContainerItemProxy;
			containerPortal = 9C8303C0284FB8010064B1D5 /* Project object */;
			proxyType = 1;
			remoteGlobalIDString = 9C8303C7284FB8010064B1D5;
			remoteInfo = LaunchScreenXcode;
		};
/* End PBXContainerItemProxy section */

/* Begin PBXFileReference section */
		9C8303C8284FB8010064B1D5 /* LaunchScreenXcode.app */ = {isa = PBXFileReference; explicitFileType = wrapper.application; includeInIndex = 0; path = LaunchScreenXcode.app; sourceTree = BUILT_PRODUCTS_DIR; };
		9C8303CB284FB8010064B1D5 /* LaunchScreenXcodeApp.swift */ = {isa = PBXFileReference; lastKnownFileType = sourcecode.swift; path = LaunchScreenXcodeApp.swift; sourceTree = "<group>"; };
		9C8303CD284FB8010064B1D5 /* ContentView.swift */ = {isa = PBXFileReference; lastKnownFileType = sourcecode.swift; path = ContentView.swift; sourceTree = "<group>"; };
		9C8303CF284FB8050064B1D5 /* Assets.xcassets */ = {isa = PBXFileReference; lastKnownFileType = folder.assetcatalog; path = Assets.xcassets; sourceTree = "<group>"; };
		9C8303D2284FB8050064B1D5 /* Preview Assets.xcassets */ = {isa = PBXFileReference; lastKnownFileType = folder.assetcatalog; path = "Preview Assets.xcassets"; sourceTree = "<group>"; };
		9C8303D8284FB8050064B1D5 /* LaunchScreenXcodeTests.xctest */ = {isa = PBXFileReference; explicitFileType = wrapper.cfbundle; includeInIndex = 0; path = LaunchScreenXcodeTests.xctest; sourceTree = BUILT_PRODUCTS_DIR; };
		9C8303DC284FB8050064B1D5 /* LaunchScreenXcodeTests.swift */ = {isa = PBXFileReference; lastKnownFileType = sourcecode.swift; path = LaunchScreenXcodeTests.swift; sourceTree = "<group>"; };
		9C8303E2284FB8060064B1D5 /* LaunchScreenXcodeUITests.xctest */ = {isa = PBXFileReference; explicitFileType = wrapper.cfbundle; includeInIndex = 0; path = LaunchScreenXcodeUITests.xctest; sourceTree = BUILT_PRODUCTS_DIR; };
		9C8303E6284FB8060064B1D5 /* LaunchScreenXcodeUITests.swift */ = {isa = PBXFileReference; lastKnownFileType = sourcecode.swift; path = LaunchScreenXcodeUITests.swift; sourceTree = "<group>"; };
		9C8303E8284FB8060064B1D5 /* LaunchScreenXcodeUITestsLaunchTests.swift */ = {isa = PBXFileReference; lastKnownFileType = sourcecode.swift; path = LaunchScreenXcodeUITestsLaunchTests.swift; sourceTree = "<group>"; };
		9C8303F5284FBAF80064B1D5 /* Prelaunch.swift */ = {isa = PBXFileReference; lastKnownFileType = sourcecode.swift; path = Prelaunch.swift; sourceTree = "<group>"; };
/* End PBXFileReference section */

/* Begin PBXFrameworksBuildPhase section */
		9C8303C5284FB8010064B1D5 /* Frameworks */ = {
			isa = PBXFrameworksBuildPhase;
			buildActionMask = 2147483647;
			files = (
				9C6B9BFF2A002FD00002FBD9 /* AlertToast in Frameworks */,
			);
			runOnlyForDeploymentPostprocessing = 0;
		};
		9C8303D5284FB8050064B1D5 /* Frameworks */ = {
			isa = PBXFrameworksBuildPhase;
			buildActionMask = 2147483647;
			files = (
			);
			runOnlyForDeploymentPostprocessing = 0;
		};
		9C8303DF284FB8060064B1D5 /* Frameworks */ = {
			isa = PBXFrameworksBuildPhase;
			buildActionMask = 2147483647;
			files = (
			);
			runOnlyForDeploymentPostprocessing = 0;
		};
/* End PBXFrameworksBuildPhase section */

/* Begin PBXGroup section */
		9C8303BF284FB8010064B1D5 = {
			isa = PBXGroup;
			children = (
				9C8303CA284FB8010064B1D5 /* LaunchScreenXcode */,
				9C8303DB284FB8050064B1D5 /* LaunchScreenXcodeTests */,
				9C8303E5284FB8060064B1D5 /* LaunchScreenXcodeUITests */,
				9C8303C9284FB8010064B1D5 /* Products */,
			);
			sourceTree = "<group>";
		};
		9C8303C9284FB8010064B1D5 /* Products */ = {
			isa = PBXGroup;
			children = (
				9C8303C8284FB8010064B1D5 /* LaunchScreenXcode.app */,
				9C8303D8284FB8050064B1D5 /* LaunchScreenXcodeTests.xctest */,
				9C8303E2284FB8060064B1D5 /* LaunchScreenXcodeUITests.xctest */,
			);
			name = Products;
			sourceTree = "<group>";
		};
		9C8303CA284FB8010064B1D5 /* LaunchScreenXcode */ = {
			isa = PBXGroup;
			children = (
				9C8303CB284FB8010064B1D5 /* LaunchScreenXcodeApp.swift */,
				9C8303CD284FB8010064B1D5 /* ContentView.swift */,
				9C8303F5284FBAF80064B1D5 /* Prelaunch.swift */,
				9C8303CF284FB8050064B1D5 /* Assets.xcassets */,
				9C8303D1284FB8050064B1D5 /* Preview Content */,
			);
			path = LaunchScreenXcode;
			sourceTree = "<group>";
		};
		9C8303D1284FB8050064B1D5 /* Preview Content */ = {
			isa = PBXGroup;
			children = (
				9C8303D2284FB8050064B1D5 /* Preview Assets.xcassets */,
			);
			path = "Preview Content";
			sourceTree = "<group>";
		};
		9C8303DB284FB8050064B1D5 /* LaunchScreenXcodeTests */ = {
			isa = PBXGroup;
			children = (
				9C8303DC284FB8050064B1D5 /* LaunchScreenXcodeTests.swift */,
			);
			path = LaunchScreenXcodeTests;
			sourceTree = "<group>";
		};
		9C8303E5284FB8060064B1D5 /* LaunchScreenXcodeUITests */ = {
			isa = PBXGroup;
			children = (
				9C8303E6284FB8060064B1D5 /* LaunchScreenXcodeUITests.swift */,
				9C8303E8284FB8060064B1D5 /* LaunchScreenXcodeUITestsLaunchTests.swift */,
			);
			path = LaunchScreenXcodeUITests;
			sourceTree = "<group>";
		};
/* End PBXGroup section */

/* Begin PBXNativeTarget section */
		9C8303C7284FB8010064B1D5 /* LaunchScreenXcode */ = {
			isa = PBXNativeTarget;
			buildConfigurationList = 9C8303EC284FB8060064B1D5 /* Build configuration list for PBXNativeTarget "LaunchScreenXcode" */;
			buildPhases = (
				9C8303C4284FB8010064B1D5 /* Sources */,
				9C8303C5284FB8010064B1D5 /* Frameworks */,
				9C8303C6284FB8010064B1D5 /* Resources */,
			);
			buildRules = (
			);
			dependencies = (
			);
			name = LaunchScreenXcode;
			packageProductDependencies = (
				9C6B9BFE2A002FD00002FBD9 /* AlertToast */,
			);
			productName = LaunchScreenXcode;
			productReference = 9C8303C8284FB8010064B1D5 /* LaunchScreenXcode.app */;
			productType = "com.apple.product-type.application";
		};
		9C8303D7284FB8050064B1D5 /* LaunchScreenXcodeTests */ = {
			isa = PBXNativeTarget;
			buildConfigurationList = 9C8303EF284FB8060064B1D5 /* Build configuration list for PBXNativeTarget "LaunchScreenXcodeTests" */;
			buildPhases = (
				9C8303D4284FB8050064B1D5 /* Sources */,
				9C8303D5284FB8050064B1D5 /* Frameworks */,
				9C8303D6284FB8050064B1D5 /* Resources */,
			);
			buildRules = (
			);
			dependencies = (
				9C8303DA284FB8050064B1D5 /* PBXTargetDependency */,
			);
			name = LaunchScreenXcodeTests;
			productName = LaunchScreenXcodeTests;
			productReference = 9C8303D8284FB8050064B1D5 /* LaunchScreenXcodeTests.xctest */;
			productType = "com.apple.product-type.bundle.unit-test";
		};
		9C8303E1284FB8060064B1D5 /* LaunchScreenXcodeUITests */ = {
			isa = PBXNativeTarget;
			buildConfigurationList = 9C8303F2284FB8060064B1D5 /* Build configuration list for PBXNativeTarget "LaunchScreenXcodeUITests" */;
			buildPhases = (
				9C8303DE284FB8060064B1D5 /* Sources */,
				9C8303DF284FB8060064B1D5 /* Frameworks */,
				9C8303E0284FB8060064B1D5 /* Resources */,
			);
			buildRules = (
			);
			dependencies = (
				9C8303E4284FB8060064B1D5 /* PBXTargetDependency */,
			);
			name = LaunchScreenXcodeUITests;
			productName = LaunchScreenXcodeUITests;
			productReference = 9C8303E2284FB8060064B1D5 /* LaunchScreenXcodeUITests.xctest */;
			productType = "com.apple.product-type.bundle.ui-testing";
		};
/* End PBXNativeTarget section */

/* Begin PBXProject section */
		9C8303C0284FB8010064B1D5 /* Project object */ = {
			isa = PBXProject;
			attributes = {
				BuildIndependentTargetsInParallel = 1;
				LastSwiftUpdateCheck = 1340;
				LastUpgradeCheck = 1340;
				TargetAttributes = {
					9C8303C7284FB8010064B1D5 = {
						CreatedOnToolsVersion = 13.4;
					};
					9C8303D7284FB8050064B1D5 = {
						CreatedOnToolsVersion = 13.4;
						TestTargetID = 9C8303C7284FB8010064B1D5;
					};
					9C8303E1284FB8060064B1D5 = {
						CreatedOnToolsVersion = 13.4;
						TestTargetID = 9C8303C7284FB8010064B1D5;
					};
				};
			};
			buildConfigurationList = 9C8303C3284FB8010064B1D5 /* Build configuration list for PBXProject "LaunchScreenXcode" */;
			compatibilityVersion = "Xcode 13.0";
			developmentRegion = en;
			hasScannedForEncodings = 0;
			knownRegions = (
				en,
				Base,
			);
			mainGroup = 9C8303BF284FB8010064B1D5;
			packageReferences = (
				9C6B9BFD2A002FD00002FBD9 /* XCRemoteSwiftPackageReference "AlertToast" */,
			);
			productRefGroup = 9C8303C9284FB8010064B1D5 /* Products */;
			projectDirPath = "";
			projectRoot = "";
			targets = (
				9C8303C7284FB8010064B1D5 /* LaunchScreenXcode */,
				9C8303D7284FB8050064B1D5 /* LaunchScreenXcodeTests */,
				9C8303E1284FB8060064B1D5 /* LaunchScreenXcodeUITests */,
			);
		};
/* End PBXProject section */

/* Begin PBXResourcesBuildPhase section */
		9C8303C6284FB8010064B1D5 /* Resources */ = {
			isa = PBXResourcesBuildPhase;
			buildActionMask = 2147483647;
			files = (
				9C8303D3284FB8050064B1D5 /* Preview Assets.xcassets in Resources */,
				9C8303D0284FB8050064B1D5 /* Assets.xcassets in Resources */,
			);
			runOnlyForDeploymentPostprocessing = 0;
		};
		9C8303D6284FB8050064B1D5 /* Resources */ = {
			isa = PBXResourcesBuildPhase;
			buildActionMask = 2147483647;
			files = (
			);
			runOnlyForDeploymentPostprocessing = 0;
		};
		9C8303E0284FB8060064B1D5 /* Resources */ = {
			isa = PBXResourcesBuildPhase;
			buildActionMask = 2147483647;
			files = (
			);
			runOnlyForDeploymentPostprocessing = 0;
		};
/* End PBXResourcesBuildPhase section */

/* Begin PBXSourcesBuildPhase section */
		9C8303C4284FB8010064B1D5 /* Sources */ = {
			isa = PBXSourcesBuildPhase;
			buildActionMask = 2147483647;
			files = (
				9C8303CE284FB8010064B1D5 /* ContentView.swift in Sources */,
				9C8303F6284FBAF80064B1D5 /* Prelaunch.swift in Sources */,
				9C8303CC284FB8010064B1D5 /* LaunchScreenXcodeApp.swift in Sources */,
			);
			runOnlyForDeploymentPostprocessing = 0;
		};
		9C8303D4284FB8050064B1D5 /* Sources */ = {
			isa = PBXSourcesBuildPhase;
			buildActionMask = 2147483647;
			files = (
				9C8303DD284FB8050064B1D5 /* LaunchScreenXcodeTests.swift in Sources */,
			);
			runOnlyForDeploymentPostprocessing = 0;
		};
		9C8303DE284FB8060064B1D5 /* Sources */ = {
			isa = PBXSourcesBuildPhase;
			buildActionMask = 2147483647;
			files = (
				9C8303E7284FB8060064B1D5 /* LaunchScreenXcodeUITests.swift in Sources */,
				9C8303E9284FB8060064B1D5 /* LaunchScreenXcodeUITestsLaunchTests.swift in Sources */,
			);
			runOnlyForDeploymentPostprocessing = 0;
		};
/* End PBXSourcesBuildPhase section */

/* Begin PBXTargetDependency section */
		9C8303DA284FB8050064B1D5 /* PBXTargetDependency */ = {
			isa = PBXTargetDependency;
			target = 9C8303C7284FB8010064B1D5 /* LaunchScreenXcode */;
			targetProxy = 9C8303D9284FB8050064B1D5 /* PBXContainerItemProxy */;
		};
		9C8303E4284FB8060064B1D5 /* PBXTargetDependency */ = {
			isa = PBXTargetDependency;
			target = 9C8303C7284FB8010064B1D5 /* LaunchScreenXcode */;
			targetProxy = 9C8303E3284FB8060064B1D5 /* PBXContainerItemProxy */;
		};
/* End PBXTargetDependency section */

/* Begin XCBuildConfiguration section */
		9C8303EA284FB8060064B1D5 /* Debug */ = {
			isa = XCBuildConfiguration;
			buildSettings = {
				ALWAYS_SEARCH_USER_PATHS = NO;
				CLANG_ANALYZER_NONNULL = YES;
				CLANG_ANALYZER_NUMBER_OBJECT_CONVERSION = YES_AGGRESSIVE;
				CLANG_CXX_LANGUAGE_STANDARD = "gnu++17";
				CLANG_ENABLE_MODULES = YES;
				CLANG_ENABLE_OBJC_ARC = YES;
				CLANG_ENABLE_OBJC_WEAK = YES;
				CLANG_WARN_BLOCK_CAPTURE_AUTORELEASING = YES;
				CLANG_WARN_BOOL_CONVERSION = YES;
				CLANG_WARN_COMMA = YES;
				CLANG_WARN_CONSTANT_CONVERSION = YES;
				CLANG_WARN_DEPRECATED_OBJC_IMPLEMENTATIONS = YES;
				CLANG_WARN_DIRECT_OBJC_ISA_USAGE = YES_ERROR;
				CLANG_WARN_DOCUMENTATION_COMMENTS = YES;
				CLANG_WARN_EMPTY_BODY = YES;
				CLANG_WARN_ENUM_CONVERSION = YES;
				CLANG_WARN_INFINITE_RECURSION = YES;
				CLANG_WARN_INT_CONVERSION = YES;
				CLANG_WARN_NON_LITERAL_NULL_CONVERSION = YES;
				CLANG_WARN_OBJC_IMPLICIT_RETAIN_SELF = YES;
				CLANG_WARN_OBJC_LITERAL_CONVERSION = YES;
				CLANG_WARN_OBJC_ROOT_CLASS = YES_ERROR;
				CLANG_WARN_QUOTED_INCLUDE_IN_FRAMEWORK_HEADER = YES;
				CLANG_WARN_RANGE_LOOP_ANALYSIS = YES;
				CLANG_WARN_STRICT_PROTOTYPES = YES;
				CLANG_WARN_SUSPICIOUS_MOVE = YES;
				CLANG_WARN_UNGUARDED_AVAILABILITY = YES_AGGRESSIVE;
				CLANG_WARN_UNREACHABLE_CODE = YES;
				CLANG_WARN__DUPLICATE_METHOD_MATCH = YES;
				COPY_PHASE_STRIP = NO;
				DEBUG_INFORMATION_FORMAT = dwarf;
				ENABLE_STRICT_OBJC_MSGSEND = YES;
				ENABLE_TESTABILITY = YES;
				GCC_C_LANGUAGE_STANDARD = gnu11;
				GCC_DYNAMIC_NO_PIC = NO;
				GCC_NO_COMMON_BLOCKS = YES;
				GCC_OPTIMIZATION_LEVEL = 0;
				GCC_PREPROCESSOR_DEFINITIONS = (
					"DEBUG=1",
					"$(inherited)",
				);
				GCC_WARN_64_TO_32_BIT_CONVERSION = YES;
				GCC_WARN_ABOUT_RETURN_TYPE = YES_ERROR;
				GCC_WARN_UNDECLARED_SELECTOR = YES;
				GCC_WARN_UNINITIALIZED_AUTOS = YES_AGGRESSIVE;
				GCC_WARN_UNUSED_FUNCTION = YES;
				GCC_WARN_UNUSED_VARIABLE = YES;
				IPHONEOS_DEPLOYMENT_TARGET = 14.3;
				MTL_ENABLE_DEBUG_INFO = INCLUDE_SOURCE;
				MTL_FAST_MATH = YES;
				ONLY_ACTIVE_ARCH = YES;
				SDKROOT = iphoneos;
				SWIFT_ACTIVE_COMPILATION_CONDITIONS = DEBUG;
				SWIFT_OPTIMIZATION_LEVEL = "-Onone";
			};
			name = Debug;
		};
		9C8303EB284FB8060064B1D5 /* Release */ = {
			isa = XCBuildConfiguration;
			buildSettings = {
				ALWAYS_SEARCH_USER_PATHS = NO;
				CLANG_ANALYZER_NONNULL = YES;
				CLANG_ANALYZER_NUMBER_OBJECT_CONVERSION = YES_AGGRESSIVE;
				CLANG_CXX_LANGUAGE_STANDARD = "gnu++17";
				CLANG_ENABLE_MODULES = YES;
				CLANG_ENABLE_OBJC_ARC = YES;
				CLANG_ENABLE_OBJC_WEAK = YES;
				CLANG_WARN_BLOCK_CAPTURE_AUTORELEASING = YES;
				CLANG_WARN_BOOL_CONVERSION = YES;
				CLANG_WARN_COMMA = YES;
				CLANG_WARN_CONSTANT_CONVERSION = YES;
				CLANG_WARN_DEPRECATED_OBJC_IMPLEMENTATIONS = YES;
				CLANG_WARN_DIRECT_OBJC_ISA_USAGE = YES_ERROR;
				CLANG_WARN_DOCUMENTATION_COMMENTS = YES;
				CLANG_WARN_EMPTY_BODY = YES;
				CLANG_WARN_ENUM_CONVERSION = YES;
				CLANG_WARN_INFINITE_RECURSION = YES;
				CLANG_WARN_INT_CONVERSION = YES;
				CLANG_WARN_NON_LITERAL_NULL_CONVERSION = YES;
				CLANG_WARN_OBJC_IMPLICIT_RETAIN_SELF = YES;
				CLANG_WARN_OBJC_LITERAL_CONVERSION = YES;
				CLANG_WARN_OBJC_ROOT_CLASS = YES_ERROR;
				CLANG_WARN_QUOTED_INCLUDE_IN_FRAMEWORK_HEADER = YES;
				CLANG_WARN_RANGE_LOOP_ANALYSIS = YES;
				CLANG_WARN_STRICT_PROTOTYPES = YES;
				CLANG_WARN_SUSPICIOUS_MOVE = YES;
				CLANG_WARN_UNGUARDED_AVAILABILITY = YES_AGGRESSIVE;
				CLANG_WARN_UNREACHABLE_CODE = YES;
				CLANG_WARN__DUPLICATE_METHOD_MATCH = YES;
				COPY_PHASE_STRIP = NO;
				DEBUG_INFORMATION_FORMAT = "dwarf-with-dsym";
				ENABLE_NS_ASSERTIONS = NO;
				ENABLE_STRICT_OBJC_MSGSEND = YES;
				GCC_C_LANGUAGE_STANDARD = gnu11;
				GCC_NO_COMMON_BLOCKS = YES;
				GCC_WARN_64_TO_32_BIT_CONVERSION = YES;
				GCC_WARN_ABOUT_RETURN_TYPE = YES_ERROR;
				GCC_WARN_UNDECLARED_SELECTOR = YES;
				GCC_WARN_UNINITIALIZED_AUTOS = YES_AGGRESSIVE;
				GCC_WARN_UNUSED_FUNCTION = YES;
				GCC_WARN_UNUSED_VARIABLE = YES;
				IPHONEOS_DEPLOYMENT_TARGET = 14.3;
				MTL_ENABLE_DEBUG_INFO = NO;
				MTL_FAST_MATH = YES;
				SDKROOT = iphoneos;
				SWIFT_COMPILATION_MODE = wholemodule;
				SWIFT_OPTIMIZATION_LEVEL = "-O";
				VALIDATE_PRODUCT = YES;
			};
			name = Release;
		};
		9C8303ED284FB8060064B1D5 /* Debug */ = {
			isa = XCBuildConfiguration;
			buildSettings = {
				ASSETCATALOG_COMPILER_APPICON_NAME = AppIcon;
				ASSETCATALOG_COMPILER_GLOBAL_ACCENT_COLOR_NAME = AccentColor;
				CODE_SIGN_STYLE = Automatic;
				CURRENT_PROJECT_VERSION = 1;
				DEVELOPMENT_ASSET_PATHS = "\"LaunchScreenXcode/Preview Content\"";
				DEVELOPMENT_TEAM = JBDCCGS2V3;
				ENABLE_PREVIEWS = YES;
				GENERATE_INFOPLIST_FILE = YES;
				INFOPLIST_KEY_UIApplicationSceneManifest_Generation = YES;
				INFOPLIST_KEY_UIApplicationSupportsIndirectInputEvents = YES;
				INFOPLIST_KEY_UILaunchScreen_Generation = YES;
				INFOPLIST_KEY_UISupportedInterfaceOrientations_iPad = "UIInterfaceOrientationPortrait UIInterfaceOrientationPortraitUpsideDown UIInterfaceOrientationLandscapeLeft UIInterfaceOrientationLandscapeRight";
				INFOPLIST_KEY_UISupportedInterfaceOrientations_iPhone = "UIInterfaceOrientationPortrait UIInterfaceOrientationLandscapeLeft UIInterfaceOrientationLandscapeRight";
				IPHONEOS_DEPLOYMENT_TARGET = 16.0;
				LD_RUNPATH_SEARCH_PATHS = (
					"$(inherited)",
					"@executable_path/Frameworks",
				);
				MARKETING_VERSION = 1.0;
				PRODUCT_BUNDLE_IDENTIFIER = com.max21160.LaunchScreenXcode;
				PRODUCT_NAME = "$(TARGET_NAME)";
				SUPPORTED_PLATFORMS = "iphoneos iphonesimulator";
				SUPPORTS_MACCATALYST = NO;
				SUPPORTS_MAC_DESIGNED_FOR_IPHONE_IPAD = NO;
				SWIFT_EMIT_LOC_STRINGS = YES;
				SWIFT_VERSION = 5.0;
				TARGETED_DEVICE_FAMILY = 1;
			};
			name = Debug;
		};
		9C8303EE284FB8060064B1D5 /* Release */ = {
			isa = XCBuildConfiguration;
			buildSettings = {
				ASSETCATALOG_COMPILER_APPICON_NAME = AppIcon;
				ASSETCATALOG_COMPILER_GLOBAL_ACCENT_COLOR_NAME = AccentColor;
				CODE_SIGN_STYLE = Automatic;
				CURRENT_PROJECT_VERSION = 1;
				DEVELOPMENT_ASSET_PATHS = "\"LaunchScreenXcode/Preview Content\"";
				DEVELOPMENT_TEAM = JBDCCGS2V3;
				ENABLE_PREVIEWS = YES;
				GENERATE_INFOPLIST_FILE = YES;
				INFOPLIST_KEY_UIApplicationSceneManifest_Generation = YES;
				INFOPLIST_KEY_UIApplicationSupportsIndirectInputEvents = YES;
				INFOPLIST_KEY_UILaunchScreen_Generation = YES;
				INFOPLIST_KEY_UISupportedInterfaceOrientations_iPad = "UIInterfaceOrientationPortrait UIInterfaceOrientationPortraitUpsideDown UIInterfaceOrientationLandscapeLeft UIInterfaceOrientationLandscapeRight";
				INFOPLIST_KEY_UISupportedInterfaceOrientations_iPhone = "UIInterfaceOrientationPortrait UIInterfaceOrientationLandscapeLeft UIInterfaceOrientationLandscapeRight";
				IPHONEOS_DEPLOYMENT_TARGET = 16.0;
				LD_RUNPATH_SEARCH_PATHS = (
					"$(inherited)",
					"@executable_path/Frameworks",
				);
				MARKETING_VERSION = 1.0;
				PRODUCT_BUNDLE_IDENTIFIER = com.max21160.LaunchScreenXcode;
				PRODUCT_NAME = "$(TARGET_NAME)";
				SUPPORTED_PLATFORMS = "iphoneos iphonesimulator";
				SUPPORTS_MACCATALYST = NO;
				SUPPORTS_MAC_DESIGNED_FOR_IPHONE_IPAD = NO;
				SWIFT_EMIT_LOC_STRINGS = YES;
				SWIFT_VERSION = 5.0;
				TARGETED_DEVICE_FAMILY = 1;
			};
			name = Release;
		};
		9C8303F0284FB8060064B1D5 /* Debug */ = {
			isa = XCBuildConfiguration;
			buildSettings = {
				ALWAYS_EMBED_SWIFT_STANDARD_LIBRARIES = YES;
				BUNDLE_LOADER = "$(TEST_HOST)";
				CODE_SIGN_STYLE = Automatic;
				CURRENT_PROJECT_VERSION = 1;
				DEVELOPMENT_TEAM = JBDCCGS2V3;
				GENERATE_INFOPLIST_FILE = YES;
				IPHONEOS_DEPLOYMENT_TARGET = 15.5;
				MARKETING_VERSION = 1.0;
				PRODUCT_BUNDLE_IDENTIFIER = com.max21160.LaunchScreenXcodeTests;
				PRODUCT_NAME = "$(TARGET_NAME)";
				SWIFT_EMIT_LOC_STRINGS = NO;
				SWIFT_VERSION = 5.0;
				TARGETED_DEVICE_FAMILY = "1,2";
				TEST_HOST = "$(BUILT_PRODUCTS_DIR)/LaunchScreenXcode.app/LaunchScreenXcode";
			};
			name = Debug;
		};
		9C8303F1284FB8060064B1D5 /* Release */ = {
			isa = XCBuildConfiguration;
			buildSettings = {
				ALWAYS_EMBED_SWIFT_STANDARD_LIBRARIES = YES;
				BUNDLE_LOADER = "$(TEST_HOST)";
				CODE_SIGN_STYLE = Automatic;
				CURRENT_PROJECT_VERSION = 1;
				DEVELOPMENT_TEAM = JBDCCGS2V3;
				GENERATE_INFOPLIST_FILE = YES;
				IPHONEOS_DEPLOYMENT_TARGET = 15.5;
				MARKETING_VERSION = 1.0;
				PRODUCT_BUNDLE_IDENTIFIER = com.max21160.LaunchScreenXcodeTests;
				PRODUCT_NAME = "$(TARGET_NAME)";
				SWIFT_EMIT_LOC_STRINGS = NO;
				SWIFT_VERSION = 5.0;
				TARGETED_DEVICE_FAMILY = "1,2";
				TEST_HOST = "$(BUILT_PRODUCTS_DIR)/LaunchScreenXcode.app/LaunchScreenXcode";
			};
			name = Release;
		};
		9C8303F3284FB8060064B1D5 /* Debug */ = {
			isa = XCBuildConfiguration;
			buildSettings = {
				ALWAYS_EMBED_SWIFT_STANDARD_LIBRARIES = YES;
				CODE_SIGN_STYLE = Automatic;
				CURRENT_PROJECT_VERSION = 1;
				DEVELOPMENT_TEAM = JBDCCGS2V3;
				GENERATE_INFOPLIST_FILE = YES;
				MARKETING_VERSION = 1.0;
				PRODUCT_BUNDLE_IDENTIFIER = com.max21160.LaunchScreenXcodeUITests;
				PRODUCT_NAME = "$(TARGET_NAME)";
				SWIFT_EMIT_LOC_STRINGS = NO;
				SWIFT_VERSION = 5.0;
				TARGETED_DEVICE_FAMILY = "1,2";
				TEST_TARGET_NAME = LaunchScreenXcode;
			};
			name = Debug;
		};
		9C8303F4284FB8060064B1D5 /* Release */ = {
			isa = XCBuildConfiguration;
			buildSettings = {
				ALWAYS_EMBED_SWIFT_STANDARD_LIBRARIES = YES;
				CODE_SIGN_STYLE = Automatic;
				CURRENT_PROJECT_VERSION = 1;
				DEVELOPMENT_TEAM = JBDCCGS2V3;
				GENERATE_INFOPLIST_FILE = YES;
				MARKETING_VERSION = 1.0;
				PRODUCT_BUNDLE_IDENTIFIER = com.max21160.LaunchScreenXcodeUITests;
				PRODUCT_NAME = "$(TARGET_NAME)";
				SWIFT_EMIT_LOC_STRINGS = NO;
				SWIFT_VERSION = 5.0;
				TARGETED_DEVICE_FAMILY = "1,2";
				TEST_TARGET_NAME = LaunchScreenXcode;
			};
			name = Release;
		};
/* End XCBuildConfiguration section */

/* Begin XCConfigurationList section */
		9C8303C3284FB8010064B1D5 /* Build configuration list for PBXProject "LaunchScreenXcode" */ = {
			isa = XCConfigurationList;
			buildConfigurations = (
				9C8303EA284FB8060064B1D5 /* Debug */,
				9C8303EB284FB8060064B1D5 /* Release */,
			);
			defaultConfigurationIsVisible = 0;
			defaultConfigurationName = Release;
		};
		9C8303EC284FB8060064B1D5 /* Build configuration list for PBXNativeTarget "LaunchScreenXcode" */ = {
			isa = XCConfigurationList;
			buildConfigurations = (
				9C8303ED284FB8060064B1D5 /* Debug */,
				9C8303EE284FB8060064B1D5 /* Release */,
			);
			defaultConfigurationIsVisible = 0;
			defaultConfigurationName = Release;
		};
		9C8303EF284FB8060064B1D5 /* Build configuration list for PBXNativeTarget "LaunchScreenXcodeTests" */ = {
			isa = XCConfigurationList;
			buildConfigurations = (
				9C8303F0284FB8060064B1D5 /* Debug */,
				9C8303F1284FB8060064B1D5 /* Release */,
			);
			defaultConfigurationIsVisible = 0;
			defaultConfigurationName = Release;
		};
		9C8303F2284FB8060064B1D5 /* Build configuration list for PBXNativeTarget "LaunchScreenXcodeUITests" */ = {
			isa = XCConfigurationList;
			buildConfigurations = (
				9C8303F3284FB8060064B1D5 /* Debug */,
				9C8303F4284FB8060064B1D5 /* Release */,
			);
			defaultConfigurationIsVisible = 0;
			defaultConfigurationName = Release;
		};
/* End XCConfigurationList section */

/* Begin XCRemoteSwiftPackageReference section */
		9C6B9BFD2A002FD00002FBD9 /* XCRemoteSwiftPackageReference "AlertToast" */ = {
			isa = XCRemoteSwiftPackageReference;
			repositoryURL = "https://github.com/elai950/AlertToast.git";
			requirement = {
				kind = upToNextMajorVersion;
				minimumVersion = 1.0.0;
			};
		};
/* End XCRemoteSwiftPackageReference section */

/* Begin XCSwiftPackageProductDependency section */
		9C6B9BFE2A002FD00002FBD9 /* AlertToast */ = {
			isa = XCSwiftPackageProductDependency;
			package = 9C6B9BFD2A002FD00002FBD9 /* XCRemoteSwiftPackageReference "AlertToast" */;
			productName = AlertToast;
		};
/* End XCSwiftPackageProductDependency section */
	};
	rootObject = 9C8303C0284FB8010064B1D5 /* Project object */;
}
